{
  "nodes": {
    "nixCats": {
      "locked": {
        "lastModified": 1767159145,
        "narHash": "sha256-rnx/0p6D7rKd7mjtgsdSZjpkutJMzUaVyo2mj0rmjWQ=",
        "owner": "BirdeeHub",
        "repo": "nixCats-nvim",
        "rev": "479ab18fbeabaf87564d3fb0eaf99ebebb05f2f8",
        "type": "github"
      },
      "original": {
        "owner": "BirdeeHub",
        "repo": "nixCats-nvim",
        "type": "github"
      }
    },
    "nixpkgs": {
      "locked": {
        "lastModified": 1767364772,
        "narHash": "sha256-fFUnEYMla8b7UKjijLnMe+oVFOz6HjijGGNS1l7dYaQ=",
        "owner": "nixos",
        "repo": "nixpkgs",
        "rev": "16c7794d0a28b5a37904d55bcca36003b9109aaa",
        "type": "github"
      },
      "original": {
        "owner": "nixos",
        "ref": "nixpkgs-unstable",
        "repo": "nixpkgs",
        "type": "github"
      }
    },
    "plugins-jb-nvim": {
      "flake": false,
      "locked": {
        "lastModified": 1768515550,
        "narHash": "sha256-xzIlRYA5Htmi5WHkFZi+NJVTsEIJU3a6yn2pPObHZhI=",
        "owner": "nickkadutskyi",
        "repo": "jb.nvim",
        "rev": "b9764719925ad54c3f4ac2d152d30b627bc526fd",
        "type": "github"
      },
      "original": {
        "owner": "nickkadutskyi",
        "repo": "jb.nvim",
        "type": "github"
      }
    },
    "root": {
      "inputs": {
        "nixCats": "nixCats",
        "nixpkgs": "nixpkgs",
        "plugins-jb-nvim": "plugins-jb-nvim"
      }
    }
  },
  "root": "root",
  "version": 7
}
