{
  "nodes": {
    "nixCats": {
      "locked": {
        "lastModified": 1768727497,
        "narHash": "sha256-oBhjXBWUMRSCSKobRHMb8X+WIetU76SdZAOtvVy+000=",
        "owner": "BirdeeHub",
        "repo": "nixCats-nvim",
        "rev": "742da085b07b845d7987d771694742e6432b10ef",
        "type": "github"
      },
      "original": {
        "owner": "BirdeeHub",
        "repo": "nixCats-nvim",
        "type": "github"
      }
    },
    "nixpkgs": {
      "locked": {
        "lastModified": 1768661221,
        "narHash": "sha256-MJwOjrIISfOpdI9x4C+5WFQXvHtOuj5mqLZ4TMEtk1M=",
        "owner": "nixos",
        "repo": "nixpkgs",
        "rev": "3327b113f2ef698d380df83fbccefad7e83d7769",
        "type": "github"
      },
      "original": {
        "owner": "nixos",
        "ref": "nixpkgs-unstable",
        "repo": "nixpkgs",
        "type": "github"
      }
    },
    "plugins-jb-nvim": {
      "flake": false,
      "locked": {
        "lastModified": 1768515550,
        "narHash": "sha256-xzIlRYA5Htmi5WHkFZi+NJVTsEIJU3a6yn2pPObHZhI=",
        "owner": "nickkadutskyi",
        "repo": "jb.nvim",
        "rev": "b9764719925ad54c3f4ac2d152d30b627bc526fd",
        "type": "github"
      },
      "original": {
        "owner": "nickkadutskyi",
        "repo": "jb.nvim",
        "type": "github"
      }
    },
    "root": {
      "inputs": {
        "nixCats": "nixCats",
        "nixpkgs": "nixpkgs",
        "plugins-jb-nvim": "plugins-jb-nvim"
      }
    }
  },
  "root": "root",
  "version": 7
}
